<?xml version="1.0" encoding="utf-8"?>
<Project ToolsVersion="4.0" xmlns="http://schemas.microsoft.com/developer/msbuild/2003">
  <ItemGroup>
    <Filter Include="源文件">
      <UniqueIdentifier>{4FC737F1-C7A5-4376-A066-2A32D752A2FF}</UniqueIdentifier>
      <Extensions>cpp;c;cc;cxx;c++;cppm;ixx;def;odl;idl;hpj;bat;asm;asmx</Extensions>
    </Filter>
    <Filter Include="头文件">
      <UniqueIdentifier>{93995380-89BD-4b04-88EB-625FBE52EBFB}</UniqueIdentifier>
      <Extensions>h;hh;hpp;hxx;h++;hm;inl;inc;ipp;xsd</Extensions>
    </Filter>
    <Filter Include="资源文件">
      <UniqueIdentifier>{67DA6AB6-F800-4c08-8B7A-83BB121AAD01}</UniqueIdentifier>
      <Extensions>rc;ico;cur;bmp;dlg;rc2;rct;bin;rgs;gif;jpg;jpeg;jpe;resx;tiff;tif;png;wav;mfcribbon-ms</Extensions>
    </Filter>
    <Filter Include="资源文件\keys">
      <UniqueIdentifier>{6623e76c-859d-4f2f-bb35-e0a8bca5cc4c}</UniqueIdentifier>
    </Filter>
  </ItemGroup>
  <ItemGroup>
    <ClCompile Include="DPI_server.cpp">
      <Filter>源文件</Filter>
    </ClCompile>
  </ItemGroup>
  <ItemGroup>
    <None Include=".gitignore">
      <Filter>资源文件</Filter>
    </None>
    <None Include="keys\ca.csr">
      <Filter>资源文件\keys</Filter>
    </None>
    <None Include="keys\ca.srl">
      <Filter>资源文件\keys</Filter>
    </None>
    <None Include="keys\cacert.pem">
      <Filter>资源文件\keys</Filter>
    </None>
    <None Include="keys\cakey.pem">
      <Filter>资源文件\keys</Filter>
    </None>
    <None Include="keys\client.csr">
      <Filter>资源文件\keys</Filter>
    </None>
    <None Include="keys\clientcert.pem">
      <Filter>资源文件\keys</Filter>
    </None>
    <None Include="keys\clientkey.pem">
      <Filter>资源文件\keys</Filter>
    </None>
    <None Include="keys\server.csr">
      <Filter>资源文件\keys</Filter>
    </None>
    <None Include="keys\servercert.pem">
      <Filter>资源文件\keys</Filter>
    </None>
    <None Include="keys\serverkey.pem">
      <Filter>资源文件\keys</Filter>
    </None>
  </ItemGroup>
  <ItemGroup>
    <Text Include="usage_out.txt">
      <Filter>资源文件</Filter>
    </Text>
    <Text Include="reveive output.txt">
      <Filter>资源文件</Filter>
    </Text>
    <Text Include="ptrace result.txt">
      <Filter>资源文件</Filter>
    </Text>
  </ItemGroup>
</Project>